{
	"name": "ws-forms-recurrence",
	"version": "0.4.0",
	"lockfileVersion": 2,
	"requires": true,
	"packages": {
		"": {
			"name": "ws-forms-recurrence",
			"version": "0.4.0",
			"license": "MIT",
			"devDependencies": {
				"jquery": "^2.1.1 || ~3.6.0"
			},
			"optionalDependencies": {
				"luxon": "^2.2.0"
			}
		},
		"node_modules/jquery": {
			"version": "3.6.0",
			"resolved": "https://registry.npmjs.org/jquery/-/jquery-3.6.0.tgz",
			"integrity": "sha512-JVzAR/AjBvVt2BmYhxRCSYysDsPcssdmTFnzyLEts9qNwmjmu4JTAMYubEfwVOSwpQ1I1sKKFcxhZCI2buerfw==",
			"dev": true
		},
		"node_modules/luxon": {
			"version": "2.3.0",
			"resolved": "https://registry.npmjs.org/luxon/-/luxon-2.3.0.tgz",
			"integrity": "sha512-gv6jZCV+gGIrVKhO90yrsn8qXPKD8HYZJtrUDSfEbow8Tkw84T9OnCyJhWvnJIaIF/tBuiAjZuQHUt1LddX2mg==",
			"optional": true,
			"engines": {
				"node": ">=12"
			}
		}
	},
	"dependencies": {
		"jquery": {
			"version": "3.6.0",
			"resolved": "https://registry.npmjs.org/jquery/-/jquery-3.6.0.tgz",
			"integrity": "sha512-JVzAR/AjBvVt2BmYhxRCSYysDsPcssdmTFnzyLEts9qNwmjmu4JTAMYubEfwVOSwpQ1I1sKKFcxhZCI2buerfw==",
			"dev": true
		},
		"luxon": {
			"version": "2.3.0",
			"resolved": "https://registry.npmjs.org/luxon/-/luxon-2.3.0.tgz",
			"integrity": "sha512-gv6jZCV+gGIrVKhO90yrsn8qXPKD8HYZJtrUDSfEbow8Tkw84T9OnCyJhWvnJIaIF/tBuiAjZuQHUt1LddX2mg==",
			"optional": true
		}
	}
}
